
Microsoft Visual Studio Solution File, Format Version 12.00
# Visual Studio Version 17
VisualStudioVersion = 17.6.33723.286
MinimumVisualStudioVersion = 10.0.40219.1
Project("{8BC9CEB8-8B4A-11D0-8D11-00A0C91BC942}") = "Sandbox", "Sandbox\Sandbox.vcxproj", "{5AC4A574-0D7C-411E-9B5D-9FB7968CC2C7}"
EndProject
Project("{8BC9CEB8-8B4A-11D0-8D11-00A0C91BC942}") = "Hazel", "Hazel\Hazel.vcxproj", "{E7DD7B85-4F52-4D27-ADBB-1FDDD84EA5F3}"
EndProject
Global
	GlobalSection(SolutionConfigurationPlatforms) = preSolution
		Debug|x64 = Debug|x64
		Release|x64 = Release|x64
	EndGlobalSection
	GlobalSection(ProjectConfigurationPlatforms) = postSolution
		{E7DD7B85-4F52-4D27-ADBB-1FDDD84EA5F3}.Debug|x64.ActiveCfg = Debug|x64
		{E7DD7B85-4F52-4D27-ADBB-1FDDD84EA5F3}.Debug|x64.Build.0 = Debug|x64
		{E7DD7B85-4F52-4D27-ADBB-1FDDD84EA5F3}.Release|x64.ActiveCfg = Release|x64
		{E7DD7B85-4F52-4D27-ADBB-1FDDD84EA5F3}.Release|x64.Build.0 = Release|x64
		{5AC4A574-0D7C-411E-9B5D-9FB7968CC2C7}.Debug|x64.ActiveCfg = Debug|x64
		{5AC4A574-0D7C-411E-9B5D-9FB7968CC2C7}.Debug|x64.Build.0 = Debug|x64
		{5AC4A574-0D7C-411E-9B5D-9FB7968CC2C7}.Release|x64.ActiveCfg = Release|x64
		{5AC4A574-0D7C-411E-9B5D-9FB7968CC2C7}.Release|x64.Build.0 = Release|x64
	EndGlobalSection
	GlobalSection(SolutionProperties) = preSolution
		HideSolutionNode = FALSE
	EndGlobalSection
	GlobalSection(ExtensibilityGlobals) = postSolution
		SolutionGuid = {B379A825-1ACE-4D73-8E8E-5215F6D85DA3}
	EndGlobalSection
EndGlobal
